
Microsoft Visual Studio Solution File, Format Version 12.00
# Visual Studio Version 17
VisualStudioVersion = 17.5.33502.453
MinimumVisualStudioVersion = 10.0.40219.1
Project("{FAE04EC0-301F-11D3-BF4B-00C04F79EFBC}") = "Atypical.Api", "Atypical.Api\Atypical.Api.csproj", "{B67511F3-5EB8-4909-A5D9-E23577F6A504}"
EndProject
Project("{FAE04EC0-301F-11D3-BF4B-00C04F79EFBC}") = "Atypical.Domain", "Atypical.Domain\Atypical.Domain.csproj", "{AF121D0E-695B-4954-B98E-546E82B566B1}"
EndProject
Global
	GlobalSection(SolutionConfigurationPlatforms) = preSolution
		Debug|Any CPU = Debug|Any CPU
		Release|Any CPU = Release|Any CPU
	EndGlobalSection
	GlobalSection(ProjectConfigurationPlatforms) = postSolution
		{B67511F3-5EB8-4909-A5D9-E23577F6A504}.Debug|Any CPU.ActiveCfg = Debug|Any CPU
		{B67511F3-5EB8-4909-A5D9-E23577F6A504}.Debug|Any CPU.Build.0 = Debug|Any CPU
		{B67511F3-5EB8-4909-A5D9-E23577F6A504}.Release|Any CPU.ActiveCfg = Release|Any CPU
		{B67511F3-5EB8-4909-A5D9-E23577F6A504}.Release|Any CPU.Build.0 = Release|Any CPU
		{AF121D0E-695B-4954-B98E-546E82B566B1}.Debug|Any CPU.ActiveCfg = Debug|Any CPU
		{AF121D0E-695B-4954-B98E-546E82B566B1}.Debug|Any CPU.Build.0 = Debug|Any CPU
		{AF121D0E-695B-4954-B98E-546E82B566B1}.Release|Any CPU.ActiveCfg = Release|Any CPU
		{AF121D0E-695B-4954-B98E-546E82B566B1}.Release|Any CPU.Build.0 = Release|Any CPU
	EndGlobalSection
	GlobalSection(SolutionProperties) = preSolution
		HideSolutionNode = FALSE
	EndGlobalSection
	GlobalSection(ExtensibilityGlobals) = postSolution
		SolutionGuid = {EB405227-65B3-4890-A499-169F4E06EEA4}
	EndGlobalSection
EndGlobal
